
Microsoft Visual Studio Solution File, Format Version 12.00
# Visual Studio 2012
Project("{FAE04EC0-301F-11D3-BF4B-00C04F79EFBC}") = "StartProcessAsUser", "StartProcessAsUser\StartProcessAsUser.csproj", "{6E2794EC-90F0-49AC-B80A-4CE091152499}"
EndProject
Project("{FAE04EC0-301F-11D3-BF4B-00C04F79EFBC}") = "StartProcessLib", "StartProcessLib\StartProcessLib.csproj", "{3324447D-2457-404A-A1D8-B739C5150D2D}"
EndProject
Project("{FAE04EC0-301F-11D3-BF4B-00C04F79EFBC}") = "StartProcessService", "StartProcessService\StartProcessService.csproj", "{8E1DF9CB-D053-4A2F-826D-FAE2BDBDC139}"
EndProject
Global
	GlobalSection(SolutionConfigurationPlatforms) = preSolution
		Debug|Any CPU = Debug|Any CPU
		Release|Any CPU = Release|Any CPU
	EndGlobalSection
	GlobalSection(ProjectConfigurationPlatforms) = postSolution
		{6E2794EC-90F0-49AC-B80A-4CE091152499}.Debug|Any CPU.ActiveCfg = Debug|Any CPU
		{6E2794EC-90F0-49AC-B80A-4CE091152499}.Debug|Any CPU.Build.0 = Debug|Any CPU
		{6E2794EC-90F0-49AC-B80A-4CE091152499}.Release|Any CPU.ActiveCfg = Release|Any CPU
		{6E2794EC-90F0-49AC-B80A-4CE091152499}.Release|Any CPU.Build.0 = Release|Any CPU
		{3324447D-2457-404A-A1D8-B739C5150D2D}.Debug|Any CPU.ActiveCfg = Debug|Any CPU
		{3324447D-2457-404A-A1D8-B739C5150D2D}.Debug|Any CPU.Build.0 = Debug|Any CPU
		{3324447D-2457-404A-A1D8-B739C5150D2D}.Release|Any CPU.ActiveCfg = Release|Any CPU
		{3324447D-2457-404A-A1D8-B739C5150D2D}.Release|Any CPU.Build.0 = Release|Any CPU
		{8E1DF9CB-D053-4A2F-826D-FAE2BDBDC139}.Debug|Any CPU.ActiveCfg = Debug|Any CPU
		{8E1DF9CB-D053-4A2F-826D-FAE2BDBDC139}.Debug|Any CPU.Build.0 = Debug|Any CPU
		{8E1DF9CB-D053-4A2F-826D-FAE2BDBDC139}.Release|Any CPU.ActiveCfg = Release|Any CPU
		{8E1DF9CB-D053-4A2F-826D-FAE2BDBDC139}.Release|Any CPU.Build.0 = Release|Any CPU
	EndGlobalSection
	GlobalSection(SolutionProperties) = preSolution
		HideSolutionNode = FALSE
	EndGlobalSection
EndGlobal
